// !$*UTF8*$!
{
	archiveVersion = 1;
	classes = {
	};
	objectVersion = 77;
	objects = {

/* Begin PBXBuildFile section */
		0ADD40144B5EC9AAD317F4F2 /* highlight-core.min.js in Resources */ = {isa = PBXBuildFile; fileRef = A5771FA91C5C424013A66763 /* highlight-core.min.js */; };
		0F41748010DB20A89A6E2F9E /* AppRootView.swift in Sources */ = {isa = PBXBuildFile; fileRef = 1CDE9AD022289C31BFCD051F /* AppRootView.swift */; };
		10636F7FC3E601AEF069DB1C /* ChatHeaderView.swift in Sources */ = {isa = PBXBuildFile; fileRef = 23167A7C85914961F127AC4D /* ChatHeaderView.swift */; };
		10BE5BF15CDF02A9D7A52CEB /* SessionRowView.swift in Sources */ = {isa = PBXBuildFile; fileRef = E6F074E8A1D002E5C0839A6F /* SessionRowView.swift */; };
		145ED82868835D9195EDE24B /* SessionStore.swift in Sources */ = {isa = PBXBuildFile; fileRef = B6CF9C8E1CA43E3B063465AD /* SessionStore.swift */; };
		183349FF3C23EC6EC34C3512 /* ClarifyCardView.swift in Sources */ = {isa = PBXBuildFile; fileRef = 248AA9032222211E432C2B0B /* ClarifyCardView.swift */; };
		19534E8EC07E6D5AE6CDCFB5 /* markdown-it.min.js in Resources */ = {isa = PBXBuildFile; fileRef = 090393EDC2B7F632DD5EA81D /* markdown-it.min.js */; };
		20BED1592FD6C44700C08154 /* AppIcon.icon in Resources */ = {isa = PBXBuildFile; fileRef = 20BED1582FD6C44700C08154 /* AppIcon.icon */; };
		219DCB8FFFB61B3407C51999 /* StreamingCursorView.swift in Sources */ = {isa = PBXBuildFile; fileRef = 6211D3ECF35942CC7F9C9AF5 /* StreamingCursorView.swift */; };
		28ED5D92C616DA0F43FD07C1 /* mermaid.min.js in Resources */ = {isa = PBXBuildFile; fileRef = 7BF1D3CAE168895B7FC7BF7E /* mermaid.min.js */; };
		32AA3C862EFF84627EE3B8CF /* HermesPocketApp.swift in Sources */ = {isa = PBXBuildFile; fileRef = 531A171E02357CAAC328E2B2 /* HermesPocketApp.swift */; };
		360D0B0FAAE1178C5CF1AA68 /* ToolResultCardView.swift in Sources */ = {isa = PBXBuildFile; fileRef = 5F2A9FA36A48A504D2F3A4B5 /* ToolResultCardView.swift */; };
		368FDC10D80B33A145968628 /* HermesSSEParser.swift in Sources */ = {isa = PBXBuildFile; fileRef = 636B1EB37CBA526E5732D3D8 /* HermesSSEParser.swift */; };
		408B3B54178A391AF38DF8E6 /* ConnectionStore.swift in Sources */ = {isa = PBXBuildFile; fileRef = 4F502CBBA7357A3A51F31869 /* ConnectionStore.swift */; };
		42085FC9564F60D47C7EA242 /* GlassCircleButton.swift in Sources */ = {isa = PBXBuildFile; fileRef = 05ECA5BDC135AF31EC604E9C /* GlassCircleButton.swift */; };
		5038218EA7F2BF283B234379 /* katex.min.js in Resources */ = {isa = PBXBuildFile; fileRef = E91B0CA0876D836DD2E21187 /* katex.min.js */; };
		505BBC053D0FDB8B8E7ED8B3 /* LiveToolCallingView.swift in Sources */ = {isa = PBXBuildFile; fileRef = 77E53EF01EE36EB81A1352A4 /* LiveToolCallingView.swift */; };
		5797847A5B746976BF06992E /* HermesError.swift in Sources */ = {isa = PBXBuildFile; fileRef = C038EDD2EF29F8C521B3C8D8 /* HermesError.swift */; };
		64FA0130179C62DD9D9E4C1A /* ChainOfThoughtView.swift in Sources */ = {isa = PBXBuildFile; fileRef = 26F5D635E01918348ADADCCF /* ChainOfThoughtView.swift */; };
		719294FEB647CBD76CB66904 /* ChatStore.swift in Sources */ = {isa = PBXBuildFile; fileRef = 6B6C469A4AAEB3291B112D7D /* ChatStore.swift */; };
		7584B84607934E7EE65E6BAD /* LaTeXSwiftUI in Frameworks */ = {isa = PBXBuildFile; productRef = B1AFE8E05349A9FDEEADD1FE /* LaTeXSwiftUI */; };
		7A0EE5CC09450139D784F395 /* ChatView.swift in Sources */ = {isa = PBXBuildFile; fileRef = B744185124BD9FD3FBD289BD /* ChatView.swift */; };
		7AAE4C31C1278F2BB8235B05 /* CredentialStore.swift in Sources */ = {isa = PBXBuildFile; fileRef = C3A03C1A15C8E3AC29464C2F /* CredentialStore.swift */; };
		8243CAE2959BD274AD0EE09A /* ChatMarkdownView.swift in Sources */ = {isa = PBXBuildFile; fileRef = 3E420488DDFC818EE74A9A6E /* ChatMarkdownView.swift */; };
		878C4985139A10DFA43F9922 /* LiquidGlass.swift in Sources */ = {isa = PBXBuildFile; fileRef = 0BE4F21D13C32897093C8746 /* LiquidGlass.swift */; };
		88920F676F9BC84D76B1690E /* HermesHTTPSession.swift in Sources */ = {isa = PBXBuildFile; fileRef = 5B4D052F07A4859D21946B69 /* HermesHTTPSession.swift */; };
		8A4D21EB5D8A61506DE26AAE /* SwiftDraw in Frameworks */ = {isa = PBXBuildFile; productRef = 558B4BE02E5B80AACA815299 /* SwiftDraw */; };
		8A59D7C4A1B43C0446678AC4 /* katex.min.css in Resources */ = {isa = PBXBuildFile; fileRef = 188D5414EA1649FFF4AD98E1 /* katex.min.css */; };
		914C03CCD588CC634D75DF66 /* SettingsView.swift in Sources */ = {isa = PBXBuildFile; fileRef = F68F3E141FC44EF9095B0D45 /* SettingsView.swift */; };
		9547BE9DB8F7216B52B0B0CC /* AuthStore.swift in Sources */ = {isa = PBXBuildFile; fileRef = 2C542B56F32DADD13FBF6521 /* AuthStore.swift */; };
		970489A71A2828948F64F67B /* AuthStatusDTO.swift in Sources */ = {isa = PBXBuildFile; fileRef = 2018976B5E6911702F6CB59B /* AuthStatusDTO.swift */; };
		974B1C96EAA9B80DFDA9FF05 /* LoginView.swift in Sources */ = {isa = PBXBuildFile; fileRef = 3A6ED26086FFACF255D611AD /* LoginView.swift */; };
		97A5ACEF23CE8A9C8D7667DA /* HermesRequestFactory.swift in Sources */ = {isa = PBXBuildFile; fileRef = 614143EAF3CE5A1883160BD8 /* HermesRequestFactory.swift */; };
		9B52F9E0F8623F19DDA713D3 /* ModelsListDTO.swift in Sources */ = {isa = PBXBuildFile; fileRef = 222210A5E0B24D676382E69F /* ModelsListDTO.swift */; };
		9CF44D383AB37F0371536316 /* ChatEmptyView.swift in Sources */ = {isa = PBXBuildFile; fileRef = 80FA827F73732341A9B93C31 /* ChatEmptyView.swift */; };
		A23A499C238F784EC8358CCC /* katex-auto-render.min.js in Resources */ = {isa = PBXBuildFile; fileRef = 464A2999F73D53E02B5F7A00 /* katex-auto-render.min.js */; };
		A8B29B9AA2E0624A418041DB /* HermesStreamEvent.swift in Sources */ = {isa = PBXBuildFile; fileRef = 41EABA9372B684252771D0FB /* HermesStreamEvent.swift */; };
		A9E581BB68125D9E82EF04A3 /* Assets.xcassets in Resources */ = {isa = PBXBuildFile; fileRef = E9FEC9095051F4F1FC016FBF /* Assets.xcassets */; };
		AF9936EC15A7C2A4C1F89DD8 /* SessionListView.swift in Sources */ = {isa = PBXBuildFile; fileRef = 39D59FC18BBF2C224C06E956 /* SessionListView.swift */; };
		BA975DF6A4560834FD7F055B /* ChatStartDTO.swift in Sources */ = {isa = PBXBuildFile; fileRef = 4FE7F5EAB7F2B3E712DDFB13 /* ChatStartDTO.swift */; };
		BC52E29D369FD4C0272E6EE7 /* HermesAPIClient.swift in Sources */ = {isa = PBXBuildFile; fileRef = 817CEC905C1FAFD7BAB2B713 /* HermesAPIClient.swift */; };
		BDD51DC5E34C8C7E615DC35B /* MessageRowView.swift in Sources */ = {isa = PBXBuildFile; fileRef = 14559E8E007DDB20FAE1F5E6 /* MessageRowView.swift */; };
		D26766704C9DC3FA43E0951B /* ApprovalCardView.swift in Sources */ = {isa = PBXBuildFile; fileRef = 50007A056F4AC9B045D2CA36 /* ApprovalCardView.swift */; };
		D321B39761AD5E90BD7495D8 /* SessionDTO.swift in Sources */ = {isa = PBXBuildFile; fileRef = 29F6ADD3497C6DBF4378556E /* SessionDTO.swift */; };
		D45FB6EA9311F891F55E70D8 /* ChatSidebarView.swift in Sources */ = {isa = PBXBuildFile; fileRef = 350551595DA0349CFECECB86 /* ChatSidebarView.swift */; };
		D604AEAC0A812D54531CB2FA /* ChatComposerView.swift in Sources */ = {isa = PBXBuildFile; fileRef = 11ACC55BC665C2441633D0A8 /* ChatComposerView.swift */; };
		DF07F2961BF1DFF804E70E69 /* ToolPresentation.swift in Sources */ = {isa = PBXBuildFile; fileRef = 96221E81C179E86057D95ABD /* ToolPresentation.swift */; };
		E6934307ADFBAE5DBCE55192 /* highlight-github-dark.min.css in Resources */ = {isa = PBXBuildFile; fileRef = F43DD2E377D9FE908377D627 /* highlight-github-dark.min.css */; };
		EA2C671C4359C0D8DCCB48DC /* highlight-common.min.js in Resources */ = {isa = PBXBuildFile; fileRef = 9C1368A9C2621F550067324F /* highlight-common.min.js */; };
		EC0F83F95E9522C77813A3A0 /* SessionShimmerView.swift in Sources */ = {isa = PBXBuildFile; fileRef = 698B110C121A8CB968D49779 /* SessionShimmerView.swift */; };
		EC16A047FAAF388952ECB4C6 /* MarkdownUI in Frameworks */ = {isa = PBXBuildFile; productRef = DCB82A0B3C339031094E2FEF /* MarkdownUI */; };
		EE771AE9F57E07C2FEFC8E06 /* AuthView.swift in Sources */ = {isa = PBXBuildFile; fileRef = 4B14B29851D83C39B7115F1E /* AuthView.swift */; };
		EEE6E2C6C94D72F13A8B7E89 /* ShimmeringTextView.swift in Sources */ = {isa = PBXBuildFile; fileRef = 746BB3A899E33A11E340E0EC /* ShimmeringTextView.swift */; };
		F0D7AD73A16BF39FFB79CE65 /* Markdown in Frameworks */ = {isa = PBXBuildFile; productRef = 5AAEB109134E4C3F8B5C8FEE /* Markdown */; };
		F37520AFA305A4811922BF72 /* ConnectionSetupView.swift in Sources */ = {isa = PBXBuildFile; fileRef = 9B2FE1B29AED0713EC8B4974 /* ConnectionSetupView.swift */; };
		FADB04D67B8590EDF54E8E64 /* AttachmentCardView.swift in Sources */ = {isa = PBXBuildFile; fileRef = 383924EC54E39BBFA4E6B607 /* AttachmentCardView.swift */; };
		FE2089D994CF449F8677439D /* StreamingDotsView.swift in Sources */ = {isa = PBXBuildFile; fileRef = 5187F3879E6DEE021A7924ED /* StreamingDotsView.swift */; };
		FE8266AF058145F2740DD3CA /* AppState.swift in Sources */ = {isa = PBXBuildFile; fileRef = 04CE38409DBCBDD9BA82506B /* AppState.swift */; };
/* End PBXBuildFile section */

/* Begin PBXFileReference section */
		04CE38409DBCBDD9BA82506B /* AppState.swift */ = {isa = PBXFileReference; lastKnownFileType = sourcecode.swift; path = AppState.swift; sourceTree = "<group>"; };
		05ECA5BDC135AF31EC604E9C /* GlassCircleButton.swift */ = {isa = PBXFileReference; lastKnownFileType = sourcecode.swift; path = GlassCircleButton.swift; sourceTree = "<group>"; };
		090393EDC2B7F632DD5EA81D /* markdown-it.min.js */ = {isa = PBXFileReference; lastKnownFileType = sourcecode.javascript; path = "markdown-it.min.js"; sourceTree = "<group>"; };
		0BE4F21D13C32897093C8746 /* LiquidGlass.swift */ = {isa = PBXFileReference; lastKnownFileType = sourcecode.swift; path = LiquidGlass.swift; sourceTree = "<group>"; };
		11ACC55BC665C2441633D0A8 /* ChatComposerView.swift */ = {isa = PBXFileReference; lastKnownFileType = sourcecode.swift; path = ChatComposerView.swift; sourceTree = "<group>"; };
		14559E8E007DDB20FAE1F5E6 /* MessageRowView.swift */ = {isa = PBXFileReference; lastKnownFileType = sourcecode.swift; path = MessageRowView.swift; sourceTree = "<group>"; };
		188D5414EA1649FFF4AD98E1 /* katex.min.css */ = {isa = PBXFileReference; lastKnownFileType = text.css; path = katex.min.css; sourceTree = "<group>"; };
		1CDE9AD022289C31BFCD051F /* AppRootView.swift */ = {isa = PBXFileReference; lastKnownFileType = sourcecode.swift; path = AppRootView.swift; sourceTree = "<group>"; };
		2018976B5E6911702F6CB59B /* AuthStatusDTO.swift */ = {isa = PBXFileReference; lastKnownFileType = sourcecode.swift; path = AuthStatusDTO.swift; sourceTree = "<group>"; };
		20BED1582FD6C44700C08154 /* AppIcon.icon */ = {isa = PBXFileReference; lastKnownFileType = folder.iconcomposer.icon; path = AppIcon.icon; sourceTree = "<group>"; };
		222210A5E0B24D676382E69F /* ModelsListDTO.swift */ = {isa = PBXFileReference; lastKnownFileType = sourcecode.swift; path = ModelsListDTO.swift; sourceTree = "<group>"; };
		23167A7C85914961F127AC4D /* ChatHeaderView.swift */ = {isa = PBXFileReference; lastKnownFileType = sourcecode.swift; path = ChatHeaderView.swift; sourceTree = "<group>"; };
		248AA9032222211E432C2B0B /* ClarifyCardView.swift */ = {isa = PBXFileReference; lastKnownFileType = sourcecode.swift; path = ClarifyCardView.swift; sourceTree = "<group>"; };
		26F5D635E01918348ADADCCF /* ChainOfThoughtView.swift */ = {isa = PBXFileReference; lastKnownFileType = sourcecode.swift; path = ChainOfThoughtView.swift; sourceTree = "<group>"; };
		29F6ADD3497C6DBF4378556E /* SessionDTO.swift */ = {isa = PBXFileReference; lastKnownFileType = sourcecode.swift; path = SessionDTO.swift; sourceTree = "<group>"; };
		2C542B56F32DADD13FBF6521 /* AuthStore.swift */ = {isa = PBXFileReference; lastKnownFileType = sourcecode.swift; path = AuthStore.swift; sourceTree = "<group>"; };
		350551595DA0349CFECECB86 /* ChatSidebarView.swift */ = {isa = PBXFileReference; lastKnownFileType = sourcecode.swift; path = ChatSidebarView.swift; sourceTree = "<group>"; };
		383924EC54E39BBFA4E6B607 /* AttachmentCardView.swift */ = {isa = PBXFileReference; lastKnownFileType = sourcecode.swift; path = AttachmentCardView.swift; sourceTree = "<group>"; };
		39D59FC18BBF2C224C06E956 /* SessionListView.swift */ = {isa = PBXFileReference; lastKnownFileType = sourcecode.swift; path = SessionListView.swift; sourceTree = "<group>"; };
		3A6ED26086FFACF255D611AD /* LoginView.swift */ = {isa = PBXFileReference; lastKnownFileType = sourcecode.swift; path = LoginView.swift; sourceTree = "<group>"; };
		3E420488DDFC818EE74A9A6E /* ChatMarkdownView.swift */ = {isa = PBXFileReference; lastKnownFileType = sourcecode.swift; path = ChatMarkdownView.swift; sourceTree = "<group>"; };
		41EABA9372B684252771D0FB /* HermesStreamEvent.swift */ = {isa = PBXFileReference; lastKnownFileType = sourcecode.swift; path = HermesStreamEvent.swift; sourceTree = "<group>"; };
		464A2999F73D53E02B5F7A00 /* katex-auto-render.min.js */ = {isa = PBXFileReference; lastKnownFileType = sourcecode.javascript; path = "katex-auto-render.min.js"; sourceTree = "<group>"; };
		4B14B29851D83C39B7115F1E /* AuthView.swift */ = {isa = PBXFileReference; lastKnownFileType = sourcecode.swift; path = AuthView.swift; sourceTree = "<group>"; };
		4F502CBBA7357A3A51F31869 /* ConnectionStore.swift */ = {isa = PBXFileReference; lastKnownFileType = sourcecode.swift; path = ConnectionStore.swift; sourceTree = "<group>"; };
		4FE7F5EAB7F2B3E712DDFB13 /* ChatStartDTO.swift */ = {isa = PBXFileReference; lastKnownFileType = sourcecode.swift; path = ChatStartDTO.swift; sourceTree = "<group>"; };
		50007A056F4AC9B045D2CA36 /* ApprovalCardView.swift */ = {isa = PBXFileReference; lastKnownFileType = sourcecode.swift; path = ApprovalCardView.swift; sourceTree = "<group>"; };
		5187F3879E6DEE021A7924ED /* StreamingDotsView.swift */ = {isa = PBXFileReference; lastKnownFileType = sourcecode.swift; path = StreamingDotsView.swift; sourceTree = "<group>"; };
		531A171E02357CAAC328E2B2 /* HermesPocketApp.swift */ = {isa = PBXFileReference; lastKnownFileType = sourcecode.swift; path = HermesPocketApp.swift; sourceTree = "<group>"; };
		5B4D052F07A4859D21946B69 /* HermesHTTPSession.swift */ = {isa = PBXFileReference; lastKnownFileType = sourcecode.swift; path = HermesHTTPSession.swift; sourceTree = "<group>"; };
		5F2A9FA36A48A504D2F3A4B5 /* ToolResultCardView.swift */ = {isa = PBXFileReference; lastKnownFileType = sourcecode.swift; path = ToolResultCardView.swift; sourceTree = "<group>"; };
		614143EAF3CE5A1883160BD8 /* HermesRequestFactory.swift */ = {isa = PBXFileReference; lastKnownFileType = sourcecode.swift; path = HermesRequestFactory.swift; sourceTree = "<group>"; };
		6211D3ECF35942CC7F9C9AF5 /* StreamingCursorView.swift */ = {isa = PBXFileReference; lastKnownFileType = sourcecode.swift; path = StreamingCursorView.swift; sourceTree = "<group>"; };
		636B1EB37CBA526E5732D3D8 /* HermesSSEParser.swift */ = {isa = PBXFileReference; lastKnownFileType = sourcecode.swift; path = HermesSSEParser.swift; sourceTree = "<group>"; };
		698B110C121A8CB968D49779 /* SessionShimmerView.swift */ = {isa = PBXFileReference; lastKnownFileType = sourcecode.swift; path = SessionShimmerView.swift; sourceTree = "<group>"; };
		6B6C469A4AAEB3291B112D7D /* ChatStore.swift */ = {isa = PBXFileReference; lastKnownFileType = sourcecode.swift; path = ChatStore.swift; sourceTree = "<group>"; };
		746BB3A899E33A11E340E0EC /* ShimmeringTextView.swift */ = {isa = PBXFileReference; lastKnownFileType = sourcecode.swift; path = ShimmeringTextView.swift; sourceTree = "<group>"; };
		77E53EF01EE36EB81A1352A4 /* LiveToolCallingView.swift */ = {isa = PBXFileReference; lastKnownFileType = sourcecode.swift; path = LiveToolCallingView.swift; sourceTree = "<group>"; };
		7BF1D3CAE168895B7FC7BF7E /* mermaid.min.js */ = {isa = PBXFileReference; lastKnownFileType = sourcecode.javascript; path = mermaid.min.js; sourceTree = "<group>"; };
		80FA827F73732341A9B93C31 /* ChatEmptyView.swift */ = {isa = PBXFileReference; lastKnownFileType = sourcecode.swift; path = ChatEmptyView.swift; sourceTree = "<group>"; };
		817CEC905C1FAFD7BAB2B713 /* HermesAPIClient.swift */ = {isa = PBXFileReference; lastKnownFileType = sourcecode.swift; path = HermesAPIClient.swift; sourceTree = "<group>"; };
		96221E81C179E86057D95ABD /* ToolPresentation.swift */ = {isa = PBXFileReference; lastKnownFileType = sourcecode.swift; path = ToolPresentation.swift; sourceTree = "<group>"; };
		9B2FE1B29AED0713EC8B4974 /* ConnectionSetupView.swift */ = {isa = PBXFileReference; lastKnownFileType = sourcecode.swift; path = ConnectionSetupView.swift; sourceTree = "<group>"; };
		9C1368A9C2621F550067324F /* highlight-common.min.js */ = {isa = PBXFileReference; lastKnownFileType = sourcecode.javascript; path = "highlight-common.min.js"; sourceTree = "<group>"; };
		A5771FA91C5C424013A66763 /* highlight-core.min.js */ = {isa = PBXFileReference; lastKnownFileType = sourcecode.javascript; path = "highlight-core.min.js"; sourceTree = "<group>"; };
		B08D229A9887818DB899F22B /* Hermes Pocket.app */ = {isa = PBXFileReference; explicitFileType = wrapper.application; includeInIndex = 0; path = "Hermes Pocket.app"; sourceTree = BUILT_PRODUCTS_DIR; };
		B6CF9C8E1CA43E3B063465AD /* SessionStore.swift */ = {isa = PBXFileReference; lastKnownFileType = sourcecode.swift; path = SessionStore.swift; sourceTree = "<group>"; };
		B744185124BD9FD3FBD289BD /* ChatView.swift */ = {isa = PBXFileReference; lastKnownFileType = sourcecode.swift; path = ChatView.swift; sourceTree = "<group>"; };
		C038EDD2EF29F8C521B3C8D8 /* HermesError.swift */ = {isa = PBXFileReference; lastKnownFileType = sourcecode.swift; path = HermesError.swift; sourceTree = "<group>"; };
		C3A03C1A15C8E3AC29464C2F /* CredentialStore.swift */ = {isa = PBXFileReference; lastKnownFileType = sourcecode.swift; path = CredentialStore.swift; sourceTree = "<group>"; };
		E6F074E8A1D002E5C0839A6F /* SessionRowView.swift */ = {isa = PBXFileReference; lastKnownFileType = sourcecode.swift; path = SessionRowView.swift; sourceTree = "<group>"; };
		E91B0CA0876D836DD2E21187 /* katex.min.js */ = {isa = PBXFileReference; lastKnownFileType = sourcecode.javascript; path = katex.min.js; sourceTree = "<group>"; };
		E9FEC9095051F4F1FC016FBF /* Assets.xcassets */ = {isa = PBXFileReference; lastKnownFileType = folder.assetcatalog; path = Assets.xcassets; sourceTree = "<group>"; };
		F43DD2E377D9FE908377D627 /* highlight-github-dark.min.css */ = {isa = PBXFileReference; lastKnownFileType = text.css; path = "highlight-github-dark.min.css"; sourceTree = "<group>"; };
		F68F3E141FC44EF9095B0D45 /* SettingsView.swift */ = {isa = PBXFileReference; lastKnownFileType = sourcecode.swift; path = SettingsView.swift; sourceTree = "<group>"; };
/* End PBXFileReference section */

/* Begin PBXFrameworksBuildPhase section */
		F640177F0E825F5904EDEF6D /* Frameworks */ = {
			isa = PBXFrameworksBuildPhase;
			buildActionMask = 2147483647;
			files = (
				EC16A047FAAF388952ECB4C6 /* MarkdownUI in Frameworks */,
				7584B84607934E7EE65E6BAD /* LaTeXSwiftUI in Frameworks */,
				8A4D21EB5D8A61506DE26AAE /* SwiftDraw in Frameworks */,
				F0D7AD73A16BF39FFB79CE65 /* Markdown in Frameworks */,
			);
			runOnlyForDeploymentPostprocessing = 0;
		};
/* End PBXFrameworksBuildPhase section */

/* Begin PBXGroup section */
		085B2EA3898474A23CA83A28 /* Products */ = {
			isa = PBXGroup;
			children = (
				B08D229A9887818DB899F22B /* Hermes Pocket.app */,
			);
			name = Products;
			sourceTree = "<group>";
		};
		09C9F85A63D9BB9FC429768E /* Settings */ = {
			isa = PBXGroup;
			children = (
				F68F3E141FC44EF9095B0D45 /* SettingsView.swift */,
			);
			path = Settings;
			sourceTree = "<group>";
		};
		180F6A3C62ED64A31A7121A2 /* Resources */ = {
			isa = PBXGroup;
			children = (
				E9FEC9095051F4F1FC016FBF /* Assets.xcassets */,
				F622A471BD16904D5D9993E5 /* Web */,
			);
			path = Resources;
			sourceTree = "<group>";
		};
		25BD7D7D7CC75292278D8692 /* Chat */ = {
			isa = PBXGroup;
			children = (
				4FE7F5EAB7F2B3E712DDFB13 /* ChatStartDTO.swift */,
			);
			path = Chat;
			sourceTree = "<group>";
		};
		3D78F00C6EBE8EA4D5A650C4 /* Sessions */ = {
			isa = PBXGroup;
			children = (
				39D59FC18BBF2C224C06E956 /* SessionListView.swift */,
				E6F074E8A1D002E5C0839A6F /* SessionRowView.swift */,
				B6CF9C8E1CA43E3B063465AD /* SessionStore.swift */,
			);
			path = Sessions;
			sourceTree = "<group>";
		};
		4307F7AD50648DFA5F2A7E7F /* Components */ = {
			isa = PBXGroup;
			children = (
				AE3C395247168FDB0474A0A0 /* Atoms */,
				FD645CB6AB62B75594066A6D /* Molecules */,
				6662B359713CA330C1E55C9C /* Organisms */,
			);
			path = Components;
			sourceTree = "<group>";
		};
		5806A6FE609E2E6892237092 /* Core */ = {
			isa = PBXGroup;
			children = (
				D6E915A087679388C78EAD6B /* Models */,
				B63363E2DFFD1A6F682F1F54 /* Networking */,
				EAD12B2162917110A8B72362 /* Persistence */,
			);
			path = Core;
			sourceTree = "<group>";
		};
		5D1C2675FF59BC4ED7DF5F7C = {
			isa = PBXGroup;
			children = (
				20BED1582FD6C44700C08154 /* AppIcon.icon */,
				76B27FAACA0F9DB52AD60D9F /* HermesPocket */,
				085B2EA3898474A23CA83A28 /* Products */,
			);
			sourceTree = "<group>";
		};
		6662B359713CA330C1E55C9C /* Organisms */ = {
			isa = PBXGroup;
			children = (
				50007A056F4AC9B045D2CA36 /* ApprovalCardView.swift */,
				26F5D635E01918348ADADCCF /* ChainOfThoughtView.swift */,
				11ACC55BC665C2441633D0A8 /* ChatComposerView.swift */,
				80FA827F73732341A9B93C31 /* ChatEmptyView.swift */,
				23167A7C85914961F127AC4D /* ChatHeaderView.swift */,
				248AA9032222211E432C2B0B /* ClarifyCardView.swift */,
				77E53EF01EE36EB81A1352A4 /* LiveToolCallingView.swift */,
				14559E8E007DDB20FAE1F5E6 /* MessageRowView.swift */,
			);
			path = Organisms;
			sourceTree = "<group>";
		};
		75B39CA9E89EA041F03A8FD9 /* App */ = {
			isa = PBXGroup;
			children = (
				1CDE9AD022289C31BFCD051F /* AppRootView.swift */,
				04CE38409DBCBDD9BA82506B /* AppState.swift */,
				531A171E02357CAAC328E2B2 /* HermesPocketApp.swift */,
			);
			path = App;
			sourceTree = "<group>";
		};
		76B27FAACA0F9DB52AD60D9F /* HermesPocket */ = {
			isa = PBXGroup;
			children = (
				75B39CA9E89EA041F03A8FD9 /* App */,
				5806A6FE609E2E6892237092 /* Core */,
				E94BA025AE68E643D5BA1B26 /* Features */,
				180F6A3C62ED64A31A7121A2 /* Resources */,
			);
			path = HermesPocket;
			sourceTree = "<group>";
		};
		8730E19A66CD436F1E2BEF8E /* Connection */ = {
			isa = PBXGroup;
			children = (
				9B2FE1B29AED0713EC8B4974 /* ConnectionSetupView.swift */,
				4F502CBBA7357A3A51F31869 /* ConnectionStore.swift */,
			);
			path = Connection;
			sourceTree = "<group>";
		};
		8AB90CF463AD7486C7A1866D /* Sessions */ = {
			isa = PBXGroup;
			children = (
				29F6ADD3497C6DBF4378556E /* SessionDTO.swift */,
			);
			path = Sessions;
			sourceTree = "<group>";
		};
		8D5E777F98F5DAB76400C0C3 /* Auth */ = {
			isa = PBXGroup;
			children = (
				2018976B5E6911702F6CB59B /* AuthStatusDTO.swift */,
			);
			path = Auth;
			sourceTree = "<group>";
		};
		AE3C395247168FDB0474A0A0 /* Atoms */ = {
			isa = PBXGroup;
			children = (
				05ECA5BDC135AF31EC604E9C /* GlassCircleButton.swift */,
				0BE4F21D13C32897093C8746 /* LiquidGlass.swift */,
				698B110C121A8CB968D49779 /* SessionShimmerView.swift */,
				746BB3A899E33A11E340E0EC /* ShimmeringTextView.swift */,
				6211D3ECF35942CC7F9C9AF5 /* StreamingCursorView.swift */,
				5187F3879E6DEE021A7924ED /* StreamingDotsView.swift */,
				96221E81C179E86057D95ABD /* ToolPresentation.swift */,
			);
			path = Atoms;
			sourceTree = "<group>";
		};
		B63363E2DFFD1A6F682F1F54 /* Networking */ = {
			isa = PBXGroup;
			children = (
				817CEC905C1FAFD7BAB2B713 /* HermesAPIClient.swift */,
				C038EDD2EF29F8C521B3C8D8 /* HermesError.swift */,
				5B4D052F07A4859D21946B69 /* HermesHTTPSession.swift */,
				614143EAF3CE5A1883160BD8 /* HermesRequestFactory.swift */,
				D69CB81CEA5ADC6926235E95 /* SSE */,
			);
			path = Networking;
			sourceTree = "<group>";
		};
		C684406D4B63B634F08DCB92 /* Chat */ = {
			isa = PBXGroup;
			children = (
				350551595DA0349CFECECB86 /* ChatSidebarView.swift */,
				6B6C469A4AAEB3291B112D7D /* ChatStore.swift */,
				B744185124BD9FD3FBD289BD /* ChatView.swift */,
				4307F7AD50648DFA5F2A7E7F /* Components */,
			);
			path = Chat;
			sourceTree = "<group>";
		};
		D69CB81CEA5ADC6926235E95 /* SSE */ = {
			isa = PBXGroup;
			children = (
				636B1EB37CBA526E5732D3D8 /* HermesSSEParser.swift */,
				41EABA9372B684252771D0FB /* HermesStreamEvent.swift */,
			);
			path = SSE;
			sourceTree = "<group>";
		};
		D6E915A087679388C78EAD6B /* Models */ = {
			isa = PBXGroup;
			children = (
				222210A5E0B24D676382E69F /* ModelsListDTO.swift */,
				8D5E777F98F5DAB76400C0C3 /* Auth */,
				25BD7D7D7CC75292278D8692 /* Chat */,
				8AB90CF463AD7486C7A1866D /* Sessions */,
			);
			path = Models;
			sourceTree = "<group>";
		};
		E7FBB10D718D7443BA7BA80B /* Auth */ = {
			isa = PBXGroup;
			children = (
				2C542B56F32DADD13FBF6521 /* AuthStore.swift */,
				4B14B29851D83C39B7115F1E /* AuthView.swift */,
				3A6ED26086FFACF255D611AD /* LoginView.swift */,
			);
			path = Auth;
			sourceTree = "<group>";
		};
		E94BA025AE68E643D5BA1B26 /* Features */ = {
			isa = PBXGroup;
			children = (
				E7FBB10D718D7443BA7BA80B /* Auth */,
				C684406D4B63B634F08DCB92 /* Chat */,
				8730E19A66CD436F1E2BEF8E /* Connection */,
				3D78F00C6EBE8EA4D5A650C4 /* Sessions */,
				09C9F85A63D9BB9FC429768E /* Settings */,
			);
			path = Features;
			sourceTree = "<group>";
		};
		EAD12B2162917110A8B72362 /* Persistence */ = {
			isa = PBXGroup;
			children = (
				C3A03C1A15C8E3AC29464C2F /* CredentialStore.swift */,
			);
			path = Persistence;
			sourceTree = "<group>";
		};
		F622A471BD16904D5D9993E5 /* Web */ = {
			isa = PBXGroup;
			children = (
				9C1368A9C2621F550067324F /* highlight-common.min.js */,
				A5771FA91C5C424013A66763 /* highlight-core.min.js */,
				F43DD2E377D9FE908377D627 /* highlight-github-dark.min.css */,
				464A2999F73D53E02B5F7A00 /* katex-auto-render.min.js */,
				188D5414EA1649FFF4AD98E1 /* katex.min.css */,
				E91B0CA0876D836DD2E21187 /* katex.min.js */,
				090393EDC2B7F632DD5EA81D /* markdown-it.min.js */,
				7BF1D3CAE168895B7FC7BF7E /* mermaid.min.js */,
			);
			path = Web;
			sourceTree = "<group>";
		};
		FD645CB6AB62B75594066A6D /* Molecules */ = {
			isa = PBXGroup;
			children = (
				383924EC54E39BBFA4E6B607 /* AttachmentCardView.swift */,
				3E420488DDFC818EE74A9A6E /* ChatMarkdownView.swift */,
				5F2A9FA36A48A504D2F3A4B5 /* ToolResultCardView.swift */,
			);
			path = Molecules;
			sourceTree = "<group>";
		};
/* End PBXGroup section */

/* Begin PBXNativeTarget section */
		C0D03BD74E2F320630FB2767 /* HermesPocket */ = {
			isa = PBXNativeTarget;
			buildConfigurationList = 14A831C079ABC126241A2F2F /* Build configuration list for PBXNativeTarget "HermesPocket" */;
			buildPhases = (
				2F26910FD5AB0701CD2C21EC /* Sources */,
				ECF6523A4FBBD1825258E051 /* Resources */,
				F640177F0E825F5904EDEF6D /* Frameworks */,
			);
			buildRules = (
			);
			dependencies = (
			);
			name = HermesPocket;
			packageProductDependencies = (
				DCB82A0B3C339031094E2FEF /* MarkdownUI */,
				B1AFE8E05349A9FDEEADD1FE /* LaTeXSwiftUI */,
				558B4BE02E5B80AACA815299 /* SwiftDraw */,
				5AAEB109134E4C3F8B5C8FEE /* Markdown */,
			);
			productName = HermesPocket;
			productReference = B08D229A9887818DB899F22B /* Hermes Pocket.app */;
			productType = "com.apple.product-type.application";
		};
/* End PBXNativeTarget section */

/* Begin PBXProject section */
		F31CA0BFC7643C84AF472348 /* Project object */ = {
			isa = PBXProject;
			attributes = {
				BuildIndependentTargetsInParallel = YES;
				LastUpgradeCheck = 1430;
				TargetAttributes = {
					C0D03BD74E2F320630FB2767 = {
						DevelopmentTeam = V93K683C79;
						ProvisioningStyle = Automatic;
					};
				};
			};
			buildConfigurationList = E7FC7F0ED87036328C6578C3 /* Build configuration list for PBXProject "HermesPocket" */;
			developmentRegion = en;
			hasScannedForEncodings = 0;
			knownRegions = (
				Base,
				en,
			);
			mainGroup = 5D1C2675FF59BC4ED7DF5F7C;
			minimizedProjectReferenceProxies = 1;
			packageReferences = (
				0677D5F1A958C5A9C1A4D0E5 /* XCRemoteSwiftPackageReference "LaTeXSwiftUI" */,
				787CA1E502BFF3AA0F2A688B /* XCRemoteSwiftPackageReference "swift-markdown" */,
				C4AFC3CDD3DAB849620E761E /* XCRemoteSwiftPackageReference "swift-markdown-ui" */,
				4D766D5D527D9480A211FCD4 /* XCRemoteSwiftPackageReference "SwiftDraw" */,
			);
			preferredProjectObjectVersion = 77;
			productRefGroup = 085B2EA3898474A23CA83A28 /* Products */;
			projectDirPath = "";
			projectRoot = "";
			targets = (
				C0D03BD74E2F320630FB2767 /* HermesPocket */,
			);
		};
/* End PBXProject section */

/* Begin PBXResourcesBuildPhase section */
		ECF6523A4FBBD1825258E051 /* Resources */ = {
			isa = PBXResourcesBuildPhase;
			buildActionMask = 2147483647;
			files = (
				A9E581BB68125D9E82EF04A3 /* Assets.xcassets in Resources */,
				EA2C671C4359C0D8DCCB48DC /* highlight-common.min.js in Resources */,
				0ADD40144B5EC9AAD317F4F2 /* highlight-core.min.js in Resources */,
				E6934307ADFBAE5DBCE55192 /* highlight-github-dark.min.css in Resources */,
				A23A499C238F784EC8358CCC /* katex-auto-render.min.js in Resources */,
				8A59D7C4A1B43C0446678AC4 /* katex.min.css in Resources */,
				5038218EA7F2BF283B234379 /* katex.min.js in Resources */,
				19534E8EC07E6D5AE6CDCFB5 /* markdown-it.min.js in Resources */,
				28ED5D92C616DA0F43FD07C1 /* mermaid.min.js in Resources */,
				20BED1592FD6C44700C08154 /* AppIcon.icon in Resources */,
			);
			runOnlyForDeploymentPostprocessing = 0;
		};
/* End PBXResourcesBuildPhase section */

/* Begin PBXSourcesBuildPhase section */
		2F26910FD5AB0701CD2C21EC /* Sources */ = {
			isa = PBXSourcesBuildPhase;
			buildActionMask = 2147483647;
			files = (
				0F41748010DB20A89A6E2F9E /* AppRootView.swift in Sources */,
				FE8266AF058145F2740DD3CA /* AppState.swift in Sources */,
				D26766704C9DC3FA43E0951B /* ApprovalCardView.swift in Sources */,
				FADB04D67B8590EDF54E8E64 /* AttachmentCardView.swift in Sources */,
				970489A71A2828948F64F67B /* AuthStatusDTO.swift in Sources */,
				9547BE9DB8F7216B52B0B0CC /* AuthStore.swift in Sources */,
				EE771AE9F57E07C2FEFC8E06 /* AuthView.swift in Sources */,
				64FA0130179C62DD9D9E4C1A /* ChainOfThoughtView.swift in Sources */,
				D604AEAC0A812D54531CB2FA /* ChatComposerView.swift in Sources */,
				9CF44D383AB37F0371536316 /* ChatEmptyView.swift in Sources */,
				10636F7FC3E601AEF069DB1C /* ChatHeaderView.swift in Sources */,
				8243CAE2959BD274AD0EE09A /* ChatMarkdownView.swift in Sources */,
				D45FB6EA9311F891F55E70D8 /* ChatSidebarView.swift in Sources */,
				BA975DF6A4560834FD7F055B /* ChatStartDTO.swift in Sources */,
				719294FEB647CBD76CB66904 /* ChatStore.swift in Sources */,
				7A0EE5CC09450139D784F395 /* ChatView.swift in Sources */,
				183349FF3C23EC6EC34C3512 /* ClarifyCardView.swift in Sources */,
				F37520AFA305A4811922BF72 /* ConnectionSetupView.swift in Sources */,
				408B3B54178A391AF38DF8E6 /* ConnectionStore.swift in Sources */,
				7AAE4C31C1278F2BB8235B05 /* CredentialStore.swift in Sources */,
				42085FC9564F60D47C7EA242 /* GlassCircleButton.swift in Sources */,
				BC52E29D369FD4C0272E6EE7 /* HermesAPIClient.swift in Sources */,
				5797847A5B746976BF06992E /* HermesError.swift in Sources */,
				88920F676F9BC84D76B1690E /* HermesHTTPSession.swift in Sources */,
				32AA3C862EFF84627EE3B8CF /* HermesPocketApp.swift in Sources */,
				97A5ACEF23CE8A9C8D7667DA /* HermesRequestFactory.swift in Sources */,
				368FDC10D80B33A145968628 /* HermesSSEParser.swift in Sources */,
				A8B29B9AA2E0624A418041DB /* HermesStreamEvent.swift in Sources */,
				878C4985139A10DFA43F9922 /* LiquidGlass.swift in Sources */,
				505BBC053D0FDB8B8E7ED8B3 /* LiveToolCallingView.swift in Sources */,
				974B1C96EAA9B80DFDA9FF05 /* LoginView.swift in Sources */,
				BDD51DC5E34C8C7E615DC35B /* MessageRowView.swift in Sources */,
				9B52F9E0F8623F19DDA713D3 /* ModelsListDTO.swift in Sources */,
				D321B39761AD5E90BD7495D8 /* SessionDTO.swift in Sources */,
				AF9936EC15A7C2A4C1F89DD8 /* SessionListView.swift in Sources */,
				10BE5BF15CDF02A9D7A52CEB /* SessionRowView.swift in Sources */,
				EC0F83F95E9522C77813A3A0 /* SessionShimmerView.swift in Sources */,
				145ED82868835D9195EDE24B /* SessionStore.swift in Sources */,
				914C03CCD588CC634D75DF66 /* SettingsView.swift in Sources */,
				EEE6E2C6C94D72F13A8B7E89 /* ShimmeringTextView.swift in Sources */,
				219DCB8FFFB61B3407C51999 /* StreamingCursorView.swift in Sources */,
				FE2089D994CF449F8677439D /* StreamingDotsView.swift in Sources */,
				DF07F2961BF1DFF804E70E69 /* ToolPresentation.swift in Sources */,
				360D0B0FAAE1178C5CF1AA68 /* ToolResultCardView.swift in Sources */,
			);
			runOnlyForDeploymentPostprocessing = 0;
		};
/* End PBXSourcesBuildPhase section */

/* Begin XCBuildConfiguration section */
		80D6D1F4EA4688D2F67F1189 /* Release */ = {
			isa = XCBuildConfiguration;
			buildSettings = {
				ALWAYS_SEARCH_USER_PATHS = NO;
				CLANG_ANALYZER_NONNULL = YES;
				CLANG_ANALYZER_NUMBER_OBJECT_CONVERSION = YES_AGGRESSIVE;
				CLANG_CXX_LANGUAGE_STANDARD = "gnu++14";
				CLANG_CXX_LIBRARY = "libc++";
				CLANG_ENABLE_MODULES = YES;
				CLANG_ENABLE_OBJC_ARC = YES;
				CLANG_ENABLE_OBJC_WEAK = YES;
				CLANG_WARN_BLOCK_CAPTURE_AUTORELEASING = YES;
				CLANG_WARN_BOOL_CONVERSION = YES;
				CLANG_WARN_COMMA = YES;
				CLANG_WARN_CONSTANT_CONVERSION = YES;
				CLANG_WARN_DEPRECATED_OBJC_IMPLEMENTATIONS = YES;
				CLANG_WARN_DIRECT_OBJC_ISA_USAGE = YES_ERROR;
				CLANG_WARN_DOCUMENTATION_COMMENTS = YES;
				CLANG_WARN_EMPTY_BODY = YES;
				CLANG_WARN_ENUM_CONVERSION = YES;
				CLANG_WARN_INFINITE_RECURSION = YES;
				CLANG_WARN_INT_CONVERSION = YES;
				CLANG_WARN_NON_LITERAL_NULL_CONVERSION = YES;
				CLANG_WARN_OBJC_IMPLICIT_RETAIN_SELF = YES;
				CLANG_WARN_OBJC_LITERAL_CONVERSION = YES;
				CLANG_WARN_OBJC_ROOT_CLASS = YES_ERROR;
				CLANG_WARN_QUOTED_INCLUDE_IN_FRAMEWORK_HEADER = YES;
				CLANG_WARN_RANGE_LOOP_ANALYSIS = YES;
				CLANG_WARN_STRICT_PROTOTYPES = YES;
				CLANG_WARN_SUSPICIOUS_MOVE = YES;
				CLANG_WARN_UNGUARDED_AVAILABILITY = YES_AGGRESSIVE;
				CLANG_WARN_UNREACHABLE_CODE = YES;
				CLANG_WARN__DUPLICATE_METHOD_MATCH = YES;
				COPY_PHASE_STRIP = NO;
				CURRENT_PROJECT_VERSION = 1;
				DEBUG_INFORMATION_FORMAT = "dwarf-with-dsym";
				ENABLE_NS_ASSERTIONS = NO;
				ENABLE_STRICT_OBJC_MSGSEND = YES;
				GCC_C_LANGUAGE_STANDARD = gnu11;
				GCC_NO_COMMON_BLOCKS = YES;
				GCC_WARN_64_TO_32_BIT_CONVERSION = YES;
				GCC_WARN_ABOUT_RETURN_TYPE = YES_ERROR;
				GCC_WARN_UNDECLARED_SELECTOR = YES;
				GCC_WARN_UNINITIALIZED_AUTOS = YES_AGGRESSIVE;
				GCC_WARN_UNUSED_FUNCTION = YES;
				GCC_WARN_UNUSED_VARIABLE = YES;
				IPHONEOS_DEPLOYMENT_TARGET = 17.0;
				MARKETING_VERSION = 0.1.0;
				MTL_ENABLE_DEBUG_INFO = NO;
				MTL_FAST_MATH = YES;
				PRODUCT_NAME = "$(TARGET_NAME)";
				SDKROOT = iphoneos;
				SWIFT_COMPILATION_MODE = wholemodule;
				SWIFT_OPTIMIZATION_LEVEL = "-O";
				SWIFT_VERSION = 6.0;
			};
			name = Release;
		};
		A08F318A18E81E7343E4CC74 /* Release */ = {
			isa = XCBuildConfiguration;
			buildSettings = {
				ASSETCATALOG_COMPILER_APPICON_NAME = AppIcon;
				ASSETCATALOG_COMPILER_INCLUDE_ALL_APPICON_ASSETS = YES;
				CODE_SIGN_IDENTITY = "iPhone Developer";
				CODE_SIGN_STYLE = Automatic;
				DEVELOPMENT_TEAM = V93K683C79;
				GENERATE_INFOPLIST_FILE = YES;
				INFOPLIST_KEY_CFBundleDisplayName = "Hermes Pocket";
				INFOPLIST_KEY_NSCameraUsageDescription = "Hermes Pocket uses the camera to attach photos to your message.";
				INFOPLIST_KEY_NSPhotoLibraryUsageDescription = "Hermes Pocket uses your photo library to attach selected media to your message.";
				INFOPLIST_KEY_UIApplicationSceneManifest_Generation = YES;
				INFOPLIST_KEY_UIApplicationSupportsIndirectInputEvents = YES;
				INFOPLIST_KEY_UILaunchScreen_Generation = YES;
				INFOPLIST_KEY_UISupportedInterfaceOrientations_iPhone = UIInterfaceOrientationPortrait;
				LD_RUNPATH_SEARCH_PATHS = (
					"$(inherited)",
					"@executable_path/Frameworks",
				);
				PRODUCT_BUNDLE_IDENTIFIER = "com.evanyudis.hermes-pocket";
				PRODUCT_NAME = "Hermes Pocket";
				SDKROOT = iphoneos;
				TARGETED_DEVICE_FAMILY = "1,2";
			};
			name = Release;
		};
		A91D87702F037B0D549C11E0 /* Debug */ = {
			isa = XCBuildConfiguration;
			buildSettings = {
				ALWAYS_SEARCH_USER_PATHS = NO;
				CLANG_ANALYZER_NONNULL = YES;
				CLANG_ANALYZER_NUMBER_OBJECT_CONVERSION = YES_AGGRESSIVE;
				CLANG_CXX_LANGUAGE_STANDARD = "gnu++14";
				CLANG_CXX_LIBRARY = "libc++";
				CLANG_ENABLE_MODULES = YES;
				CLANG_ENABLE_OBJC_ARC = YES;
				CLANG_ENABLE_OBJC_WEAK = YES;
				CLANG_WARN_BLOCK_CAPTURE_AUTORELEASING = YES;
				CLANG_WARN_BOOL_CONVERSION = YES;
				CLANG_WARN_COMMA = YES;
				CLANG_WARN_CONSTANT_CONVERSION = YES;
				CLANG_WARN_DEPRECATED_OBJC_IMPLEMENTATIONS = YES;
				CLANG_WARN_DIRECT_OBJC_ISA_USAGE = YES_ERROR;
				CLANG_WARN_DOCUMENTATION_COMMENTS = YES;
				CLANG_WARN_EMPTY_BODY = YES;
				CLANG_WARN_ENUM_CONVERSION = YES;
				CLANG_WARN_INFINITE_RECURSION = YES;
				CLANG_WARN_INT_CONVERSION = YES;
				CLANG_WARN_NON_LITERAL_NULL_CONVERSION = YES;
				CLANG_WARN_OBJC_IMPLICIT_RETAIN_SELF = YES;
				CLANG_WARN_OBJC_LITERAL_CONVERSION = YES;
				CLANG_WARN_OBJC_ROOT_CLASS = YES_ERROR;
				CLANG_WARN_QUOTED_INCLUDE_IN_FRAMEWORK_HEADER = YES;
				CLANG_WARN_RANGE_LOOP_ANALYSIS = YES;
				CLANG_WARN_STRICT_PROTOTYPES = YES;
				CLANG_WARN_SUSPICIOUS_MOVE = YES;
				CLANG_WARN_UNGUARDED_AVAILABILITY = YES_AGGRESSIVE;
				CLANG_WARN_UNREACHABLE_CODE = YES;
				CLANG_WARN__DUPLICATE_METHOD_MATCH = YES;
				COPY_PHASE_STRIP = NO;
				CURRENT_PROJECT_VERSION = 1;
				DEBUG_INFORMATION_FORMAT = dwarf;
				ENABLE_STRICT_OBJC_MSGSEND = YES;
				ENABLE_TESTABILITY = YES;
				GCC_C_LANGUAGE_STANDARD = gnu11;
				GCC_DYNAMIC_NO_PIC = NO;
				GCC_NO_COMMON_BLOCKS = YES;
				GCC_OPTIMIZATION_LEVEL = 0;
				GCC_PREPROCESSOR_DEFINITIONS = (
					"$(inherited)",
					"DEBUG=1",
				);
				GCC_WARN_64_TO_32_BIT_CONVERSION = YES;
				GCC_WARN_ABOUT_RETURN_TYPE = YES_ERROR;
				GCC_WARN_UNDECLARED_SELECTOR = YES;
				GCC_WARN_UNINITIALIZED_AUTOS = YES_AGGRESSIVE;
				GCC_WARN_UNUSED_FUNCTION = YES;
				GCC_WARN_UNUSED_VARIABLE = YES;
				IPHONEOS_DEPLOYMENT_TARGET = 17.0;
				MARKETING_VERSION = 0.1.0;
				MTL_ENABLE_DEBUG_INFO = INCLUDE_SOURCE;
				MTL_FAST_MATH = YES;
				ONLY_ACTIVE_ARCH = YES;
				PRODUCT_NAME = "$(TARGET_NAME)";
				SDKROOT = iphoneos;
				SWIFT_ACTIVE_COMPILATION_CONDITIONS = DEBUG;
				SWIFT_OPTIMIZATION_LEVEL = "-Onone";
				SWIFT_VERSION = 6.0;
			};
			name = Debug;
		};
		FFE1C681BD5F0997A2A7361F /* Debug */ = {
			isa = XCBuildConfiguration;
			buildSettings = {
				ASSETCATALOG_COMPILER_APPICON_NAME = AppIcon;
				ASSETCATALOG_COMPILER_INCLUDE_ALL_APPICON_ASSETS = YES;
				CODE_SIGN_IDENTITY = "iPhone Developer";
				CODE_SIGN_STYLE = Automatic;
				DEVELOPMENT_TEAM = V93K683C79;
				GENERATE_INFOPLIST_FILE = YES;
				INFOPLIST_KEY_CFBundleDisplayName = "Hermes Pocket";
				INFOPLIST_KEY_NSCameraUsageDescription = "Hermes Pocket uses the camera to attach photos to your message.";
				INFOPLIST_KEY_NSPhotoLibraryUsageDescription = "Hermes Pocket uses your photo library to attach selected media to your message.";
				INFOPLIST_KEY_UIApplicationSceneManifest_Generation = YES;
				INFOPLIST_KEY_UIApplicationSupportsIndirectInputEvents = YES;
				INFOPLIST_KEY_UILaunchScreen_Generation = YES;
				INFOPLIST_KEY_UISupportedInterfaceOrientations_iPhone = UIInterfaceOrientationPortrait;
				LD_RUNPATH_SEARCH_PATHS = (
					"$(inherited)",
					"@executable_path/Frameworks",
				);
				PRODUCT_BUNDLE_IDENTIFIER = "com.evanyudis.hermes-pocket";
				PRODUCT_NAME = "Hermes Pocket";
				SDKROOT = iphoneos;
				TARGETED_DEVICE_FAMILY = "1,2";
			};
			name = Debug;
		};
/* End XCBuildConfiguration section */

/* Begin XCConfigurationList section */
		14A831C079ABC126241A2F2F /* Build configuration list for PBXNativeTarget "HermesPocket" */ = {
			isa = XCConfigurationList;
			buildConfigurations = (
				FFE1C681BD5F0997A2A7361F /* Debug */,
				A08F318A18E81E7343E4CC74 /* Release */,
			);
			defaultConfigurationIsVisible = 0;
			defaultConfigurationName = Debug;
		};
		E7FC7F0ED87036328C6578C3 /* Build configuration list for PBXProject "HermesPocket" */ = {
			isa = XCConfigurationList;
			buildConfigurations = (
				A91D87702F037B0D549C11E0 /* Debug */,
				80D6D1F4EA4688D2F67F1189 /* Release */,
			);
			defaultConfigurationIsVisible = 0;
			defaultConfigurationName = Debug;
		};
/* End XCConfigurationList section */

/* Begin XCRemoteSwiftPackageReference section */
		0677D5F1A958C5A9C1A4D0E5 /* XCRemoteSwiftPackageReference "LaTeXSwiftUI" */ = {
			isa = XCRemoteSwiftPackageReference;
			repositoryURL = "https://github.com/colinc86/LaTeXSwiftUI";
			requirement = {
				kind = upToNextMajorVersion;
				minimumVersion = 1.1.2;
			};
		};
		4D766D5D527D9480A211FCD4 /* XCRemoteSwiftPackageReference "SwiftDraw" */ = {
			isa = XCRemoteSwiftPackageReference;
			repositoryURL = "https://github.com/swhitty/SwiftDraw";
			requirement = {
				kind = upToNextMajorVersion;
				minimumVersion = 0.18.1;
			};
		};
		787CA1E502BFF3AA0F2A688B /* XCRemoteSwiftPackageReference "swift-markdown" */ = {
			isa = XCRemoteSwiftPackageReference;
			repositoryURL = "https://github.com/swiftlang/swift-markdown";
			requirement = {
				branch = main;
				kind = branch;
			};
		};
		C4AFC3CDD3DAB849620E761E /* XCRemoteSwiftPackageReference "swift-markdown-ui" */ = {
			isa = XCRemoteSwiftPackageReference;
			repositoryURL = "https://github.com/gonzalezreal/swift-markdown-ui";
			requirement = {
				kind = upToNextMajorVersion;
				minimumVersion = 2.4.0;
			};
		};
/* End XCRemoteSwiftPackageReference section */

/* Begin XCSwiftPackageProductDependency section */
		558B4BE02E5B80AACA815299 /* SwiftDraw */ = {
			isa = XCSwiftPackageProductDependency;
			package = 4D766D5D527D9480A211FCD4 /* XCRemoteSwiftPackageReference "SwiftDraw" */;
			productName = SwiftDraw;
		};
		5AAEB109134E4C3F8B5C8FEE /* Markdown */ = {
			isa = XCSwiftPackageProductDependency;
			package = 787CA1E502BFF3AA0F2A688B /* XCRemoteSwiftPackageReference "swift-markdown" */;
			productName = Markdown;
		};
		B1AFE8E05349A9FDEEADD1FE /* LaTeXSwiftUI */ = {
			isa = XCSwiftPackageProductDependency;
			package = 0677D5F1A958C5A9C1A4D0E5 /* XCRemoteSwiftPackageReference "LaTeXSwiftUI" */;
			productName = LaTeXSwiftUI;
		};
		DCB82A0B3C339031094E2FEF /* MarkdownUI */ = {
			isa = XCSwiftPackageProductDependency;
			package = C4AFC3CDD3DAB849620E761E /* XCRemoteSwiftPackageReference "swift-markdown-ui" */;
			productName = MarkdownUI;
		};
/* End XCSwiftPackageProductDependency section */
	};
	rootObject = F31CA0BFC7643C84AF472348 /* Project object */;
}
